{
  "name": "engage",
  "lockfileVersion": 3,
  "requires": true,
  "packages": {
    "": {
      "dependencies": {
        "@vanillaes/csv": "^3.0.4"
      }
    },
    "node_modules/@vanillaes/csv": {
      "version": "3.0.4",
      "resolved": "https://registry.npmjs.org/@vanillaes/csv/-/csv-3.0.4.tgz",
      "integrity": "sha512-cMJ/pAljVGpsHvqgd5N4EpNJOvMjFubg7x+9ehjVgQUFi2h+u4Nc4O4C0ErNLV53rO3rI0W1JnKX3wQz0pWgIA==",
      "license": "MIT",
      "engines": {
        "node": ">=14"
      }
    }
  }
}
